{
  "version": 1,
  "dependencies": {
    ".NETFramework,Version=v4.8": {
      "coverlet.collector": {
        "type": "Direct",
        "requested": "[3.0.2, )",
        "resolved": "3.0.2",
        "contentHash": "iBvPAIDaI7j/iMx/DzCGCJ3rdiOmel9VINEfaTiBv/NKIGHOP4X3hqc6Q1wgMtArEshlhXexQknP17SK4vXb1w=="
      },
      "FluentAssertions": {
        "type": "Direct",
        "requested": "[5.4.1, )",
        "resolved": "5.4.1",
        "contentHash": "ftwjDaILOT2HUVykOWJ2FhAbPo3PUDqydbd3g3flGT9FviKnAFKxCAEaZQi4gJV/mNFij2jLS2LblTYhj0/32g=="
      },
      "Microsoft.NET.Test.Sdk": {
        "type": "Direct",
        "requested": "[16.9.4, )",
        "resolved": "16.9.4",
        "contentHash": "M/k16vmS7Hz/+Kuy3p6XE743XPjYYMzfN5ZvpSLY44Ngh5IBMk0Je5Qed8oq6/kvzJA2DTrXa7YrfceHhbQKeQ==",
        "dependencies": {
          "Microsoft.CodeCoverage": "16.9.4"
        }
      },
      "MSTest.TestAdapter": {
        "type": "Direct",
        "requested": "[2.2.3, )",
        "resolved": "2.2.3",
        "contentHash": "Xxc6+JyELKOmM46CYrHxL9f2LMZGnx1Neh0dr52THZbmVTwlJM1tj0U5RQ50G+wxsfsU8ZfR1HAUugc+64b6TA=="
      },
      "MSTest.TestFramework": {
        "type": "Direct",
        "requested": "[2.2.3, )",
        "resolved": "2.2.3",
        "contentHash": "wqrF2D/uqhTCFJ4bQjhf5vLPXnsjbRZMncr2/+wnhy922YAqLGO2VOjQ6grxGqOWyVWFeIDnQFpLKFRNnrAd7w=="
      },
      "Microsoft.CodeCoverage": {
        "type": "Transitive",
        "resolved": "16.9.4",
        "contentHash": "N/RYB07gJkPZ1nJiq0QGxFIL+X5vVl4GI99PiTYXpbfI30NTZMRJgZ+4jYLFYLDQqj9o1Juhv+3iiymd7lozrA=="
      },
      "sonarqube.plugins.common": {
        "type": "Project"
      },
      "sonarqube.plugins.plugingenerator": {
        "type": "Project",
        "dependencies": {
          "SonarQube.Plugins.Common": "[3.1.0, )"
        }
      },
      "sonarqube.plugins.test.common": {
        "type": "Project",
        "dependencies": {
          "FluentAssertions": "[5.4.1, )",
          "MSTest.TestAdapter": "[2.2.3, )",
          "MSTest.TestFramework": "[2.2.3, )",
          "Microsoft.NET.Test.Sdk": "[16.9.4, )",
          "SonarQube.Plugins.Common": "[3.1.0, )"
        }
      }
    }
  }
}