
Microsoft Visual Studio Solution File, Format Version 12.00
# Visual Studio 14
VisualStudioVersion = 14.0.23107.0
MinimumVisualStudioVersion = 10.0.40219.1
Project("{FAE04EC0-301F-11D3-BF4B-00C04F79EFBC}") = "RuleGenerator", "RuleGenerator\RuleGenerator.csproj", "{B6ED3E87-10A9-4E99-B0E2-FC35C7D39CF4}"
EndProject
Project("{2150E333-8FDC-42A3-9474-1A3956D46DE8}") = "Tests", "Tests", "{AEB50389-D3DD-4EF3-9974-109BC5F20646}"
EndProject
Project("{FAE04EC0-301F-11D3-BF4B-00C04F79EFBC}") = "RuleGeneratorTests", "Tests\RuleGeneratorTests\RuleGeneratorTests.csproj", "{A4B797F9-1166-418D-B4B4-AB302A0FF0D7}"
EndProject
Project("{2150E333-8FDC-42A3-9474-1A3956D46DE8}") = "ExampleAnalyzers", "ExampleAnalyzers", "{A0234F11-305B-4409-AEA9-1982C397C395}"
EndProject
Project("{FAE04EC0-301F-11D3-BF4B-00C04F79EFBC}") = "ExampleAnalyzer1", "Tests\ExampleAnalyzers\ExampleAnalyzer1\ExampleAnalyzer1\ExampleAnalyzer1.csproj", "{B43B3D94-F457-4BBA-A0D2-EF460F43B906}"
EndProject
Project("{FAE04EC0-301F-11D3-BF4B-00C04F79EFBC}") = "ExampleAnalyzer1.Test", "Tests\ExampleAnalyzers\ExampleAnalyzer1\ExampleAnalyzer1.Test\ExampleAnalyzer1.Test.csproj", "{44F10088-B46F-458B-A8CF-D449DAD49332}"
EndProject
Project("{FAE04EC0-301F-11D3-BF4B-00C04F79EFBC}") = "ExampleAnalyzer1.Vsix", "Tests\ExampleAnalyzers\ExampleAnalyzer1\ExampleAnalyzer1.Vsix\ExampleAnalyzer1.Vsix.csproj", "{7390711F-B363-45E5-AD27-43EE0DAEC7E4}"
EndProject
Project("{2150E333-8FDC-42A3-9474-1A3956D46DE8}") = "Solution Items", "Solution Items", "{C65178C6-608B-45B5-8740-0F3396C3C778}"
	ProjectSection(SolutionItems) = preProject
		DevNotes.txt = DevNotes.txt
		Diagnostic.nuspec = Diagnostic.nuspec
		MANIFEST.MF = MANIFEST.MF
		PluginDefinition.xml = PluginDefinition.xml
		rules.xml = rules.xml
		SampleDefinition.xml = SampleDefinition.xml
		test1.jar = test1.jar
	EndProjectSection
EndProject
Project("{FAE04EC0-301F-11D3-BF4B-00C04F79EFBC}") = "PluginGenerator", "PluginGenerator\PluginGenerator.csproj", "{DB16CCFA-B97F-4C5E-A99A-A6062ECF5D98}"
EndProject
Project("{FAE04EC0-301F-11D3-BF4B-00C04F79EFBC}") = "PluginGeneratorTests", "Tests\PluginGeneratorTests\PluginGeneratorTests.csproj", "{F6C01441-DD3F-465B-8E24-BCEB239819F5}"
EndProject
Project("{FAE04EC0-301F-11D3-BF4B-00C04F79EFBC}") = "Tests.Common", "Tests.Common\Tests.Common.csproj", "{F60478FF-1EEA-4FB4-9BF4-50D11F94FA57}"
EndProject
Global
	GlobalSection(SolutionConfigurationPlatforms) = preSolution
		Debug|Any CPU = Debug|Any CPU
		Release|Any CPU = Release|Any CPU
	EndGlobalSection
	GlobalSection(ProjectConfigurationPlatforms) = postSolution
		{B6ED3E87-10A9-4E99-B0E2-FC35C7D39CF4}.Debug|Any CPU.ActiveCfg = Debug|Any CPU
		{B6ED3E87-10A9-4E99-B0E2-FC35C7D39CF4}.Debug|Any CPU.Build.0 = Debug|Any CPU
		{B6ED3E87-10A9-4E99-B0E2-FC35C7D39CF4}.Release|Any CPU.ActiveCfg = Release|Any CPU
		{B6ED3E87-10A9-4E99-B0E2-FC35C7D39CF4}.Release|Any CPU.Build.0 = Release|Any CPU
		{A4B797F9-1166-418D-B4B4-AB302A0FF0D7}.Debug|Any CPU.ActiveCfg = Debug|Any CPU
		{A4B797F9-1166-418D-B4B4-AB302A0FF0D7}.Debug|Any CPU.Build.0 = Debug|Any CPU
		{A4B797F9-1166-418D-B4B4-AB302A0FF0D7}.Release|Any CPU.ActiveCfg = Release|Any CPU
		{A4B797F9-1166-418D-B4B4-AB302A0FF0D7}.Release|Any CPU.Build.0 = Release|Any CPU
		{B43B3D94-F457-4BBA-A0D2-EF460F43B906}.Debug|Any CPU.ActiveCfg = Debug|Any CPU
		{B43B3D94-F457-4BBA-A0D2-EF460F43B906}.Debug|Any CPU.Build.0 = Debug|Any CPU
		{B43B3D94-F457-4BBA-A0D2-EF460F43B906}.Release|Any CPU.ActiveCfg = Release|Any CPU
		{B43B3D94-F457-4BBA-A0D2-EF460F43B906}.Release|Any CPU.Build.0 = Release|Any CPU
		{44F10088-B46F-458B-A8CF-D449DAD49332}.Debug|Any CPU.ActiveCfg = Debug|Any CPU
		{44F10088-B46F-458B-A8CF-D449DAD49332}.Debug|Any CPU.Build.0 = Debug|Any CPU
		{44F10088-B46F-458B-A8CF-D449DAD49332}.Release|Any CPU.ActiveCfg = Release|Any CPU
		{44F10088-B46F-458B-A8CF-D449DAD49332}.Release|Any CPU.Build.0 = Release|Any CPU
		{7390711F-B363-45E5-AD27-43EE0DAEC7E4}.Debug|Any CPU.ActiveCfg = Debug|Any CPU
		{7390711F-B363-45E5-AD27-43EE0DAEC7E4}.Debug|Any CPU.Build.0 = Debug|Any CPU
		{7390711F-B363-45E5-AD27-43EE0DAEC7E4}.Release|Any CPU.ActiveCfg = Release|Any CPU
		{7390711F-B363-45E5-AD27-43EE0DAEC7E4}.Release|Any CPU.Build.0 = Release|Any CPU
		{DB16CCFA-B97F-4C5E-A99A-A6062ECF5D98}.Debug|Any CPU.ActiveCfg = Debug|Any CPU
		{DB16CCFA-B97F-4C5E-A99A-A6062ECF5D98}.Debug|Any CPU.Build.0 = Debug|Any CPU
		{DB16CCFA-B97F-4C5E-A99A-A6062ECF5D98}.Release|Any CPU.ActiveCfg = Release|Any CPU
		{DB16CCFA-B97F-4C5E-A99A-A6062ECF5D98}.Release|Any CPU.Build.0 = Release|Any CPU
		{F6C01441-DD3F-465B-8E24-BCEB239819F5}.Debug|Any CPU.ActiveCfg = Debug|Any CPU
		{F6C01441-DD3F-465B-8E24-BCEB239819F5}.Debug|Any CPU.Build.0 = Debug|Any CPU
		{F6C01441-DD3F-465B-8E24-BCEB239819F5}.Release|Any CPU.ActiveCfg = Release|Any CPU
		{F6C01441-DD3F-465B-8E24-BCEB239819F5}.Release|Any CPU.Build.0 = Release|Any CPU
		{F60478FF-1EEA-4FB4-9BF4-50D11F94FA57}.Debug|Any CPU.ActiveCfg = Debug|Any CPU
		{F60478FF-1EEA-4FB4-9BF4-50D11F94FA57}.Debug|Any CPU.Build.0 = Debug|Any CPU
		{F60478FF-1EEA-4FB4-9BF4-50D11F94FA57}.Release|Any CPU.ActiveCfg = Release|Any CPU
		{F60478FF-1EEA-4FB4-9BF4-50D11F94FA57}.Release|Any CPU.Build.0 = Release|Any CPU
	EndGlobalSection
	GlobalSection(SolutionProperties) = preSolution
		HideSolutionNode = FALSE
	EndGlobalSection
	GlobalSection(NestedProjects) = preSolution
		{A4B797F9-1166-418D-B4B4-AB302A0FF0D7} = {AEB50389-D3DD-4EF3-9974-109BC5F20646}
		{A0234F11-305B-4409-AEA9-1982C397C395} = {AEB50389-D3DD-4EF3-9974-109BC5F20646}
		{B43B3D94-F457-4BBA-A0D2-EF460F43B906} = {A0234F11-305B-4409-AEA9-1982C397C395}
		{44F10088-B46F-458B-A8CF-D449DAD49332} = {A0234F11-305B-4409-AEA9-1982C397C395}
		{7390711F-B363-45E5-AD27-43EE0DAEC7E4} = {A0234F11-305B-4409-AEA9-1982C397C395}
		{F6C01441-DD3F-465B-8E24-BCEB239819F5} = {AEB50389-D3DD-4EF3-9974-109BC5F20646}
		{F60478FF-1EEA-4FB4-9BF4-50D11F94FA57} = {AEB50389-D3DD-4EF3-9974-109BC5F20646}
	EndGlobalSection
EndGlobal
