{
  "version": 1,
  "dependencies": {
    ".NETFramework,Version=v4.8": {
      "FluentAssertions": {
        "type": "Direct",
        "requested": "[7.2.2, )",
        "resolved": "7.2.2",
        "contentHash": "B6FJmtTadaqtLXH5qfn9hlYF5ruNOAdtjA9+1V3fuYp/MZzj7lB3Ys5cdgy72uv7w1GE5Y9PEX369UD3N1sfHg==",
        "dependencies": {
          "System.Threading.Tasks.Extensions": "4.5.4"
        }
      },
      "Microsoft.NET.Test.Sdk": {
        "type": "Direct",
        "requested": "[18.7.0, )",
        "resolved": "18.7.0",
        "contentHash": "49xH9j4UzCh2hMohJp53g3wUTvyycECw7CtVht4gfCz5ykudB1uBcF6D0TtgJPjCtP76UPW53bQElKdCeX+dUg==",
        "dependencies": {
          "Microsoft.CodeCoverage": "18.7.0"
        }
      },
      "Microsoft.NETFramework.ReferenceAssemblies": {
        "type": "Direct",
        "requested": "[1.0.3, )",
        "resolved": "1.0.3",
        "contentHash": "vUc9Npcs14QsyOD01tnv/m8sQUnGTGOw1BCmKcv77LBJY7OxhJ+zJF7UD/sCL3lYNFuqmQEVlkfS4Quif6FyYg==",
        "dependencies": {
          "Microsoft.NETFramework.ReferenceAssemblies.net48": "1.0.3"
        }
      },
      "MSTest.TestAdapter": {
        "type": "Direct",
        "requested": "[4.3.0, )",
        "resolved": "4.3.0",
        "contentHash": "lJiqBscyRAUawzwnzEAZpDAqG8HaRi6a6YNQ1CcfEEYLZksoj0KUySaVWNbgEp/j0pvEe5hJRdJAu1jqJEQoJA==",
        "dependencies": {
          "MSTest.TestFramework": "4.3.0",
          "Microsoft.Testing.Extensions.VSTestBridge": "2.3.1",
          "Microsoft.Testing.Platform.MSBuild": "2.3.1",
          "System.Memory": "4.6.3",
          "System.Threading.Tasks.Extensions": "4.5.4"
        }
      },
      "MSTest.TestFramework": {
        "type": "Direct",
        "requested": "[4.3.0, )",
        "resolved": "4.3.0",
        "contentHash": "5g6Bx47jdzsHt0Kf9u9W8z/8ZWixGz2BvO+FVmoLht0yW24Ac9djZ+mvgTqdM9YXdS948ywM8eOtVhRyPio7aw==",
        "dependencies": {
          "MSTest.Analyzers": "4.3.0"
        }
      },
      "System.CodeDom": {
        "type": "Direct",
        "requested": "[8.0.0, )",
        "resolved": "8.0.0",
        "contentHash": "WTlRjL6KWIMr/pAaq3rYqh0TJlzpouaQ/W1eelssHgtlwHAH25jXTkUphTYx9HaIIf7XA6qs/0+YhtLEQRkJ+Q=="
      },
      "Microsoft.ApplicationInsights": {
        "type": "Transitive",
        "resolved": "2.23.0",
        "contentHash": "nWArUZTdU7iqZLycLKWe0TDms48KKGE6pONH2terYNa8REXiqixrMOkf1sk5DHGMaUTqONU2YkS4SAXBhLStgw==",
        "dependencies": {
          "System.Diagnostics.DiagnosticSource": "5.0.0"
        }
      },
      "Microsoft.CodeCoverage": {
        "type": "Transitive",
        "resolved": "18.7.0",
        "contentHash": "+wFfx9s7D9wegM0RziXMj2kvYDT4qcqXXtyjiQwSZOGQ2wwcOAJQcD6eQXk02jt0MvRNawtp8TJxTrV+wD8X1g=="
      },
      "Microsoft.NETFramework.ReferenceAssemblies.net48": {
        "type": "Transitive",
        "resolved": "1.0.3",
        "contentHash": "zMk4D+9zyiEWByyQ7oPImPN/Jhpj166Ky0Nlla4eXlNL8hI/BtSJsgR8Inldd4NNpIAH3oh8yym0W2DrhXdSLQ=="
      },
      "Microsoft.Testing.Extensions.Telemetry": {
        "type": "Transitive",
        "resolved": "2.3.1",
        "contentHash": "SrlzgK9X4YM2No6LqXJg7ZPC0UNgjiy+wTwb3OhiSYfuNjQWJXGyL+iWtKOqHwJ/C1eGmyz7Cqs5WOE1Cp191g==",
        "dependencies": {
          "Microsoft.ApplicationInsights": "2.23.0",
          "Microsoft.Testing.Platform": "2.3.1",
          "System.Diagnostics.DiagnosticSource": "6.0.0"
        }
      },
      "Microsoft.Testing.Extensions.TrxReport.Abstractions": {
        "type": "Transitive",
        "resolved": "2.3.1",
        "contentHash": "RpMkMST/uzU3UMGMtqu5PjXk7mg4pyHLKP0tCdpt6fIqWvAsO7Vp34eA6bwdgtlQZMBCXZMlFiavGIxTGAOfHA==",
        "dependencies": {
          "Microsoft.Testing.Platform": "2.3.1"
        }
      },
      "Microsoft.Testing.Extensions.VSTestBridge": {
        "type": "Transitive",
        "resolved": "2.3.1",
        "contentHash": "dpimiGO3U5DZIw1YX9kSywVWRaBy38m8PalCo9z1oHkufFUdKD3XT6WDYyC8tZpqXKFUKJhrKoVrZtMS8gdgPw==",
        "dependencies": {
          "Microsoft.TestPlatform.ObjectModel": "18.4.0",
          "Microsoft.Testing.Extensions.Telemetry": "2.3.1",
          "Microsoft.Testing.Extensions.TrxReport.Abstractions": "2.3.1",
          "Microsoft.Testing.Platform": "2.3.1"
        }
      },
      "Microsoft.Testing.Platform": {
        "type": "Transitive",
        "resolved": "2.3.1",
        "contentHash": "sZlgL8zvquO/uOMFK9YdovHzfnI/MPNXvakTPskKzRB3CQp9Yzdqs9ZFew7STlNzib9X/twjezdSPW4CE9YjIQ=="
      },
      "Microsoft.Testing.Platform.MSBuild": {
        "type": "Transitive",
        "resolved": "2.3.1",
        "contentHash": "ikKS89MaM4gWwBr+ApcV2vy55v0kauOpBFqY7Mh0LCcLtiNlFsumZmjOc4BPt+msJhDf83o03/kuucVtepb55w==",
        "dependencies": {
          "Microsoft.Testing.Platform": "2.3.1"
        }
      },
      "Microsoft.TestPlatform.ObjectModel": {
        "type": "Transitive",
        "resolved": "18.4.0",
        "contentHash": "4L6m2kS2pY5uJ9cpeRxzW22opr6ttScIRqsOpMDQpgENp/ZwxkkQCcmc6LRSURo2dFaaSW5KVflQZvroiJ7Wzg==",
        "dependencies": {
          "System.Reflection.Metadata": "8.0.0"
        }
      },
      "MSTest.Analyzers": {
        "type": "Transitive",
        "resolved": "4.3.0",
        "contentHash": "Od+0h98vkWxsDKwk3N7RfS4SHOq2D4imLeCcs5YO2+g8ZsO2+QhymVg7HDoB81J3zA1UEj09PNBdNBGAdNUMNg=="
      },
      "System.Buffers": {
        "type": "Transitive",
        "resolved": "4.6.1",
        "contentHash": "N8GXpmiLMtljq7gwvyS+1QvKT/W2J8sNAvx+HVg4NGmsG/H+2k/y9QI23auLJRterrzCiDH+IWAw4V/GPwsMlw=="
      },
      "System.Collections.Immutable": {
        "type": "Transitive",
        "resolved": "8.0.0",
        "contentHash": "AurL6Y5BA1WotzlEvVaIDpqzpIPvYnnldxru8oXJU2yFxFUy3+pNXjXd1ymO+RA0rq0+590Q8gaz2l3Sr7fmqg==",
        "dependencies": {
          "System.Memory": "4.5.5",
          "System.Runtime.CompilerServices.Unsafe": "6.0.0"
        }
      },
      "System.Diagnostics.DiagnosticSource": {
        "type": "Transitive",
        "resolved": "6.0.0",
        "contentHash": "frQDfv0rl209cKm1lnwTgFPzNigy2EKk1BS3uAvHvlBVKe5cymGyHO+Sj+NLv5VF/AhHsqPIUUwya5oV4CHMUw==",
        "dependencies": {
          "System.Memory": "4.5.4",
          "System.Runtime.CompilerServices.Unsafe": "6.0.0"
        }
      },
      "System.IO.Compression": {
        "type": "Transitive",
        "resolved": "4.3.0",
        "contentHash": "YHndyoiV90iu4iKG115ibkhrG+S3jBm8Ap9OwoUAzO5oPDAWcr0SFwQFm0HjM8WkEZWo0zvLTyLmbvTkW1bXgg=="
      },
      "System.Memory": {
        "type": "Transitive",
        "resolved": "4.6.3",
        "contentHash": "qdcDOgnFZY40+Q9876JUHnlHu7bosOHX8XISRoH94fwk6hgaeQGSgfZd8srWRZNt5bV9ZW2TljcegDNxsf+96A==",
        "dependencies": {
          "System.Buffers": "4.6.1",
          "System.Numerics.Vectors": "4.6.1",
          "System.Runtime.CompilerServices.Unsafe": "6.1.2"
        }
      },
      "System.Numerics.Vectors": {
        "type": "Transitive",
        "resolved": "4.6.1",
        "contentHash": "sQxefTnhagrhoq2ReR0D/6K0zJcr9Hrd6kikeXsA1I8kOCboTavcUC4r7TSfpKFeE163uMuxZcyfO1mGO3EN8Q=="
      },
      "System.Reflection.Metadata": {
        "type": "Transitive",
        "resolved": "8.0.0",
        "contentHash": "ptvgrFh7PvWI8bcVqG5rsA/weWM09EnthFHR5SCnS6IN+P4mj6rE1lBDC4U8HL9/57htKAqy4KQ3bBj84cfYyQ==",
        "dependencies": {
          "System.Collections.Immutable": "8.0.0",
          "System.Memory": "4.5.5"
        }
      },
      "System.Runtime.CompilerServices.Unsafe": {
        "type": "Transitive",
        "resolved": "6.1.2",
        "contentHash": "2hBr6zdbIBTDE3EhK7NSVNdX58uTK6iHW/P/Axmm9sl1xoGSLqDvMtpecn226TNwHByFokYwJmt/aQQNlO5CRw=="
      },
      "System.Threading.Tasks.Extensions": {
        "type": "Transitive",
        "resolved": "4.5.4",
        "contentHash": "zteT+G8xuGu6mS+mzDzYXbzS7rd3K6Fjb9RiZlYlJPam2/hU7JCBZBVEcywNuR+oZ1ncTvc/cq0faRr3P01OVg==",
        "dependencies": {
          "System.Runtime.CompilerServices.Unsafe": "4.5.3"
        }
      },
      "sonarqube.plugins.common": {
        "type": "Project"
      },
      "sonarqube.plugins.plugingenerator": {
        "type": "Project",
        "dependencies": {
          "SonarQube.Plugins.Common": "[4.0.0, )"
        }
      },
      "sonarqube.plugins.test.common": {
        "type": "Project",
        "dependencies": {
          "FluentAssertions": "[7.2.2, )",
          "MSTest.TestAdapter": "[4.3.0, )",
          "MSTest.TestFramework": "[4.3.0, )",
          "Microsoft.NET.Test.Sdk": "[18.7.0, )",
          "SonarQube.Plugins.Common": "[4.0.0, )",
          "System.IO.Compression": "[4.3.0, )"
        }
      }
    }
  }
}